
Microsoft Visual Studio Solution File, Format Version 12.00
# Visual Studio Version 17
VisualStudioVersion = 17.9.34728.123
MinimumVisualStudioVersion = 10.0.40219.1
Project("{FAE04EC0-301F-11D3-BF4B-00C04F79EFBC}") = "WebApp", "WebApp.csproj", "{E6CBF1F9-5570-4A23-84F4-E1CD40E6CE0A}"
EndProject
Global
	GlobalSection(SolutionConfigurationPlatforms) = preSolution
		Debug|Any CPU = Debug|Any CPU
		Release|Any CPU = Release|Any CPU
	EndGlobalSection
	GlobalSection(ProjectConfigurationPlatforms) = postSolution
		{E6CBF1F9-5570-4A23-84F4-E1CD40E6CE0A}.Debug|Any CPU.ActiveCfg = Debug|Any CPU
		{E6CBF1F9-5570-4A23-84F4-E1CD40E6CE0A}.Debug|Any CPU.Build.0 = Debug|Any CPU
		{E6CBF1F9-5570-4A23-84F4-E1CD40E6CE0A}.Release|Any CPU.ActiveCfg = Release|Any CPU
		{E6CBF1F9-5570-4A23-84F4-E1CD40E6CE0A}.Release|Any CPU.Build.0 = Release|Any CPU
	EndGlobalSection
	GlobalSection(SolutionProperties) = preSolution
		HideSolutionNode = FALSE
	EndGlobalSection
	GlobalSection(ExtensibilityGlobals) = postSolution
		SolutionGuid = {DD3DD479-9413-44B0-8889-D2737D72850F}
	EndGlobalSection
EndGlobal
